
Microsoft Visual Studio Solution File, Format Version 12.00
# Visual Studio 15
VisualStudioVersion = 15.0.28010.2041
MinimumVisualStudioVersion = 10.0.40219.1
Project("{FAE04EC0-301F-11D3-BF4B-00C04F79EFBC}") = "TestFilter", "TestFilter\TestFilter.csproj", "{AC2E01A0-A1A5-42BA-A9E4-D5264F886748}"
EndProject
Project("{2150E333-8FDC-42A3-9474-1A3956D46DE8}") = "Solution Items", "Solution Items", "{AD02937A-880C-4378-A544-E435A01A682F}"
	ProjectSection(SolutionItems) = preProject
		chirp.csv = chirp.csv
	EndProjectSection
EndProject
Global
	GlobalSection(SolutionConfigurationPlatforms) = preSolution
		Debug|Any CPU = Debug|Any CPU
		Release|Any CPU = Release|Any CPU
	EndGlobalSection
	GlobalSection(ProjectConfigurationPlatforms) = postSolution
		{AC2E01A0-A1A5-42BA-A9E4-D5264F886748}.Debug|Any CPU.ActiveCfg = Debug|Any CPU
		{AC2E01A0-A1A5-42BA-A9E4-D5264F886748}.Debug|Any CPU.Build.0 = Debug|Any CPU
		{AC2E01A0-A1A5-42BA-A9E4-D5264F886748}.Release|Any CPU.ActiveCfg = Release|Any CPU
		{AC2E01A0-A1A5-42BA-A9E4-D5264F886748}.Release|Any CPU.Build.0 = Release|Any CPU
	EndGlobalSection
	GlobalSection(SolutionProperties) = preSolution
		HideSolutionNode = FALSE
	EndGlobalSection
	GlobalSection(ExtensibilityGlobals) = postSolution
		SolutionGuid = {0BA78763-B540-4E08-AACD-831221D5B3E9}
	EndGlobalSection
EndGlobal
